// !$*UTF8*$!
{
	archiveVersion = 1;
	classes = {
	};
	objectVersion = 46;
	objects = {

/* Begin PBXBuildFile section */
		3C73791E1A0A8A8F00D34C95 /* main.m in Sources */ = {isa = PBXBuildFile; fileRef = 3C73791D1A0A8A8F00D34C95 /* main.m */; };
		3C7379211A0A8A8F00D34C95 /* AppDelegate.m in Sources */ = {isa = PBXBuildFile; fileRef = 3C7379201A0A8A8F00D34C95 /* AppDelegate.m */; };
		3C7379241A0A8A8F00D34C95 /* ViewController.m in Sources */ = {isa = PBXBuildFile; fileRef = 3C7379231A0A8A8F00D34C95 /* ViewController.m */; };
		3C7379271A0A8A8F00D34C95 /* Main.storyboard in Resources */ = {isa = PBXBuildFile; fileRef = 3C7379251A0A8A8F00D34C95 /* Main.storyboard */; };
		3C7379291A0A8A8F00D34C95 /* Images.xcassets in Resources */ = {isa = PBXBuildFile; fileRef = 3C7379281A0A8A8F00D34C95 /* Images.xcassets */; };
		3C73792C1A0A8A8F00D34C95 /* LaunchScreen.xib in Resources */ = {isa = PBXBuildFile; fileRef = 3C73792A1A0A8A8F00D34C95 /* LaunchScreen.xib */; };
		3C7379381A0A8A8F00D34C95 /* callJSWithObjectiveCTests.m in Sources */ = {isa = PBXBuildFile; fileRef = 3C7379371A0A8A8F00D34C95 /* callJSWithObjectiveCTests.m */; };
		3C7379421A0A8C9900D34C95 /* demo.js in Resources */ = {isa = PBXBuildFile; fileRef = 3C7379411A0A8C9900D34C95 /* demo.js */; };
/* End PBXBuildFile section */

/* Begin PBXContainerItemProxy section */
		3C7379321A0A8A8F00D34C95 /* PBXContainerItemProxy */ = {
			isa = PBXContainerItemProxy;
			containerPortal = 3C7379101A0A8A8F00D34C95 /* Project object */;
			proxyType = 1;
			remoteGlobalIDString = 3C7379171A0A8A8F00D34C95;
			remoteInfo = callJSWithObjectiveC;
		};
/* End PBXContainerItemProxy section */

/* Begin PBXFileReference section */
		3C7379181A0A8A8F00D34C95 /* callJSWithObjectiveC.app */ = {isa = PBXFileReference; explicitFileType = wrapper.application; includeInIndex = 0; path = callJSWithObjectiveC.app; sourceTree = BUILT_PRODUCTS_DIR; };
		3C73791C1A0A8A8F00D34C95 /* Info.plist */ = {isa = PBXFileReference; lastKnownFileType = text.plist.xml; path = Info.plist; sourceTree = "<group>"; };
		3C73791D1A0A8A8F00D34C95 /* main.m */ = {isa = PBXFileReference; lastKnownFileType = sourcecode.c.objc; path = main.m; sourceTree = "<group>"; };
		3C73791F1A0A8A8F00D34C95 /* AppDelegate.h */ = {isa = PBXFileReference; lastKnownFileType = sourcecode.c.h; path = AppDelegate.h; sourceTree = "<group>"; };
		3C7379201A0A8A8F00D34C95 /* AppDelegate.m */ = {isa = PBXFileReference; lastKnownFileType = sourcecode.c.objc; path = AppDelegate.m; sourceTree = "<group>"; };
		3C7379221A0A8A8F00D34C95 /* ViewController.h */ = {isa = PBXFileReference; lastKnownFileType = sourcecode.c.h; path = ViewController.h; sourceTree = "<group>"; };
		3C7379231A0A8A8F00D34C95 /* ViewController.m */ = {isa = PBXFileReference; lastKnownFileType = sourcecode.c.objc; path = ViewController.m; sourceTree = "<group>"; };
		3C7379261A0A8A8F00D34C95 /* Base */ = {isa = PBXFileReference; lastKnownFileType = file.storyboard; name = Base; path = Base.lproj/Main.storyboard; sourceTree = "<group>"; };
		3C7379281A0A8A8F00D34C95 /* Images.xcassets */ = {isa = PBXFileReference; lastKnownFileType = folder.assetcatalog; path = Images.xcassets; sourceTree = "<group>"; };
		3C73792B1A0A8A8F00D34C95 /* Base */ = {isa = PBXFileReference; lastKnownFileType = file.xib; name = Base; path = Base.lproj/LaunchScreen.xib; sourceTree = "<group>"; };
		3C7379311A0A8A8F00D34C95 /* callJSWithObjectiveCTests.xctest */ = {isa = PBXFileReference; explicitFileType = wrapper.cfbundle; includeInIndex = 0; path = callJSWithObjectiveCTests.xctest; sourceTree = BUILT_PRODUCTS_DIR; };
		3C7379361A0A8A8F00D34C95 /* Info.plist */ = {isa = PBXFileReference; lastKnownFileType = text.plist.xml; path = Info.plist; sourceTree = "<group>"; };
		3C7379371A0A8A8F00D34C95 /* callJSWithObjectiveCTests.m */ = {isa = PBXFileReference; lastKnownFileType = sourcecode.c.objc; path = callJSWithObjectiveCTests.m; sourceTree = "<group>"; };
		3C7379411A0A8C9900D34C95 /* demo.js */ = {isa = PBXFileReference; fileEncoding = 4; lastKnownFileType = sourcecode.javascript; path = demo.js; sourceTree = "<group>"; };
/* End PBXFileReference section */

/* Begin PBXFrameworksBuildPhase section */
		3C7379151A0A8A8F00D34C95 /* Frameworks */ = {
			isa = PBXFrameworksBuildPhase;
			buildActionMask = 2147483647;
			files = (
			);
			runOnlyForDeploymentPostprocessing = 0;
		};
		3C73792E1A0A8A8F00D34C95 /* Frameworks */ = {
			isa = PBXFrameworksBuildPhase;
			buildActionMask = 2147483647;
			files = (
			);
			runOnlyForDeploymentPostprocessing = 0;
		};
/* End PBXFrameworksBuildPhase section */

/* Begin PBXGroup section */
		3C73790F1A0A8A8F00D34C95 = {
			isa = PBXGroup;
			children = (
				3C73791A1A0A8A8F00D34C95 /* callJSWithObjectiveC */,
				3C7379341A0A8A8F00D34C95 /* callJSWithObjectiveCTests */,
				3C7379191A0A8A8F00D34C95 /* Products */,
			);
			sourceTree = "<group>";
		};
		3C7379191A0A8A8F00D34C95 /* Products */ = {
			isa = PBXGroup;
			children = (
				3C7379181A0A8A8F00D34C95 /* callJSWithObjectiveC.app */,
				3C7379311A0A8A8F00D34C95 /* callJSWithObjectiveCTests.xctest */,
			);
			name = Products;
			sourceTree = "<group>";
		};
		3C73791A1A0A8A8F00D34C95 /* callJSWithObjectiveC */ = {
			isa = PBXGroup;
			children = (
				3C7379411A0A8C9900D34C95 /* demo.js */,
				3C73791F1A0A8A8F00D34C95 /* AppDelegate.h */,
				3C7379201A0A8A8F00D34C95 /* AppDelegate.m */,
				3C7379221A0A8A8F00D34C95 /* ViewController.h */,
				3C7379231A0A8A8F00D34C95 /* ViewController.m */,
				3C7379251A0A8A8F00D34C95 /* Main.storyboard */,
				3C7379281A0A8A8F00D34C95 /* Images.xcassets */,
				3C73792A1A0A8A8F00D34C95 /* LaunchScreen.xib */,
				3C73791B1A0A8A8F00D34C95 /* Supporting Files */,
			);
			path = callJSWithObjectiveC;
			sourceTree = "<group>";
		};
		3C73791B1A0A8A8F00D34C95 /* Supporting Files */ = {
			isa = PBXGroup;
			children = (
				3C73791C1A0A8A8F00D34C95 /* Info.plist */,
				3C73791D1A0A8A8F00D34C95 /* main.m */,
			);
			name = "Supporting Files";
			sourceTree = "<group>";
		};
		3C7379341A0A8A8F00D34C95 /* callJSWithObjectiveCTests */ = {
			isa = PBXGroup;
			children = (
				3C7379371A0A8A8F00D34C95 /* callJSWithObjectiveCTests.m */,
				3C7379351A0A8A8F00D34C95 /* Supporting Files */,
			);
			path = callJSWithObjectiveCTests;
			sourceTree = "<group>";
		};
		3C7379351A0A8A8F00D34C95 /* Supporting Files */ = {
			isa = PBXGroup;
			children = (
				3C7379361A0A8A8F00D34C95 /* Info.plist */,
			);
			name = "Supporting Files";
			sourceTree = "<group>";
		};
/* End PBXGroup section */

/* Begin PBXNativeTarget section */
		3C7379171A0A8A8F00D34C95 /* callJSWithObjectiveC */ = {
			isa = PBXNativeTarget;
			buildConfigurationList = 3C73793B1A0A8A8F00D34C95 /* Build configuration list for PBXNativeTarget "callJSWithObjectiveC" */;
			buildPhases = (
				3C7379141A0A8A8F00D34C95 /* Sources */,
				3C7379151A0A8A8F00D34C95 /* Frameworks */,
				3C7379161A0A8A8F00D34C95 /* Resources */,
			);
			buildRules = (
			);
			dependencies = (
			);
			name = callJSWithObjectiveC;
			productName = callJSWithObjectiveC;
			productReference = 3C7379181A0A8A8F00D34C95 /* callJSWithObjectiveC.app */;
			productType = "com.apple.product-type.application";
		};
		3C7379301A0A8A8F00D34C95 /* callJSWithObjectiveCTests */ = {
			isa = PBXNativeTarget;
			buildConfigurationList = 3C73793E1A0A8A8F00D34C95 /* Build configuration list for PBXNativeTarget "callJSWithObjectiveCTests" */;
			buildPhases = (
				3C73792D1A0A8A8F00D34C95 /* Sources */,
				3C73792E1A0A8A8F00D34C95 /* Frameworks */,
				3C73792F1A0A8A8F00D34C95 /* Resources */,
			);
			buildRules = (
			);
			dependencies = (
				3C7379331A0A8A8F00D34C95 /* PBXTargetDependency */,
			);
			name = callJSWithObjectiveCTests;
			productName = callJSWithObjectiveCTests;
			productReference = 3C7379311A0A8A8F00D34C95 /* callJSWithObjectiveCTests.xctest */;
			productType = "com.apple.product-type.bundle.unit-test";
		};
/* End PBXNativeTarget section */

/* Begin PBXProject section */
		3C7379101A0A8A8F00D34C95 /* Project object */ = {
			isa = PBXProject;
			attributes = {
				LastUpgradeCheck = 0610;
				TargetAttributes = {
					3C7379171A0A8A8F00D34C95 = {
						CreatedOnToolsVersion = 6.1;
					};
					3C7379301A0A8A8F00D34C95 = {
						CreatedOnToolsVersion = 6.1;
						TestTargetID = 3C7379171A0A8A8F00D34C95;
					};
				};
			};
			buildConfigurationList = 3C7379131A0A8A8F00D34C95 /* Build configuration list for PBXProject "callJSWithObjectiveC" */;
			compatibilityVersion = "Xcode 3.2";
			developmentRegion = English;
			hasScannedForEncodings = 0;
			knownRegions = (
				en,
				Base,
			);
			mainGroup = 3C73790F1A0A8A8F00D34C95;
			productRefGroup = 3C7379191A0A8A8F00D34C95 /* Products */;
			projectDirPath = "";
			projectRoot = "";
			targets = (
				3C7379171A0A8A8F00D34C95 /* callJSWithObjectiveC */,
				3C7379301A0A8A8F00D34C95 /* callJSWithObjectiveCTests */,
			);
		};
/* End PBXProject section */

/* Begin PBXResourcesBuildPhase section */
		3C7379161A0A8A8F00D34C95 /* Resources */ = {
			isa = PBXResourcesBuildPhase;
			buildActionMask = 2147483647;
			files = (
				3C7379271A0A8A8F00D34C95 /* Main.storyboard in Resources */,
				3C73792C1A0A8A8F00D34C95 /* LaunchScreen.xib in Resources */,
				3C7379291A0A8A8F00D34C95 /* Images.xcassets in Resources */,
				3C7379421A0A8C9900D34C95 /* demo.js in Resources */,
			);
			runOnlyForDeploymentPostprocessing = 0;
		};
		3C73792F1A0A8A8F00D34C95 /* Resources */ = {
			isa = PBXResourcesBuildPhase;
			buildActionMask = 2147483647;
			files = (
			);
			runOnlyForDeploymentPostprocessing = 0;
		};
/* End PBXResourcesBuildPhase section */

/* Begin PBXSourcesBuildPhase section */
		3C7379141A0A8A8F00D34C95 /* Sources */ = {
			isa = PBXSourcesBuildPhase;
			buildActionMask = 2147483647;
			files = (
				3C7379241A0A8A8F00D34C95 /* ViewController.m in Sources */,
				3C7379211A0A8A8F00D34C95 /* AppDelegate.m in Sources */,
				3C73791E1A0A8A8F00D34C95 /* main.m in Sources */,
			);
			runOnlyForDeploymentPostprocessing = 0;
		};
		3C73792D1A0A8A8F00D34C95 /* Sources */ = {
			isa = PBXSourcesBuildPhase;
			buildActionMask = 2147483647;
			files = (
				3C7379381A0A8A8F00D34C95 /* callJSWithObjectiveCTests.m in Sources */,
			);
			runOnlyForDeploymentPostprocessing = 0;
		};
/* End PBXSourcesBuildPhase section */

/* Begin PBXTargetDependency section */
		3C7379331A0A8A8F00D34C95 /* PBXTargetDependency */ = {
			isa = PBXTargetDependency;
			target = 3C7379171A0A8A8F00D34C95 /* callJSWithObjectiveC */;
			targetProxy = 3C7379321A0A8A8F00D34C95 /* PBXContainerItemProxy */;
		};
/* End PBXTargetDependency section */

/* Begin PBXVariantGroup section */
		3C7379251A0A8A8F00D34C95 /* Main.storyboard */ = {
			isa = PBXVariantGroup;
			children = (
				3C7379261A0A8A8F00D34C95 /* Base */,
			);
			name = Main.storyboard;
			sourceTree = "<group>";
		};
		3C73792A1A0A8A8F00D34C95 /* LaunchScreen.xib */ = {
			isa = PBXVariantGroup;
			children = (
				3C73792B1A0A8A8F00D34C95 /* Base */,
			);
			name = LaunchScreen.xib;
			sourceTree = "<group>";
		};
/* End PBXVariantGroup section */

/* Begin XCBuildConfiguration section */
		3C7379391A0A8A8F00D34C95 /* Debug */ = {
			isa = XCBuildConfiguration;
			buildSettings = {
				ALWAYS_SEARCH_USER_PATHS = NO;
				CLANG_CXX_LANGUAGE_STANDARD = "gnu++0x";
				CLANG_CXX_LIBRARY = "libc++";
				CLANG_ENABLE_MODULES = YES;
				CLANG_ENABLE_OBJC_ARC = YES;
				CLANG_WARN_BOOL_CONVERSION = YES;
				CLANG_WARN_CONSTANT_CONVERSION = YES;
				CLANG_WARN_DIRECT_OBJC_ISA_USAGE = YES_ERROR;
				CLANG_WARN_EMPTY_BODY = YES;
				CLANG_WARN_ENUM_CONVERSION = YES;
				CLANG_WARN_INT_CONVERSION = YES;
				CLANG_WARN_OBJC_ROOT_CLASS = YES_ERROR;
				CLANG_WARN_UNREACHABLE_CODE = YES;
				CLANG_WARN__DUPLICATE_METHOD_MATCH = YES;
				"CODE_SIGN_IDENTITY[sdk=iphoneos*]" = "iPhone Developer";
				COPY_PHASE_STRIP = NO;
				ENABLE_STRICT_OBJC_MSGSEND = YES;
				GCC_C_LANGUAGE_STANDARD = gnu99;
				GCC_DYNAMIC_NO_PIC = NO;
				GCC_OPTIMIZATION_LEVEL = 0;
				GCC_PREPROCESSOR_DEFINITIONS = (
					"DEBUG=1",
					"$(inherited)",
				);
				GCC_SYMBOLS_PRIVATE_EXTERN = NO;
				GCC_WARN_64_TO_32_BIT_CONVERSION = YES;
				GCC_WARN_ABOUT_RETURN_TYPE = YES_ERROR;
				GCC_WARN_UNDECLARED_SELECTOR = YES;
				GCC_WARN_UNINITIALIZED_AUTOS = YES_AGGRESSIVE;
				GCC_WARN_UNUSED_FUNCTION = YES;
				GCC_WARN_UNUSED_VARIABLE = YES;
				IPHONEOS_DEPLOYMENT_TARGET = 8.1;
				MTL_ENABLE_DEBUG_INFO = YES;
				ONLY_ACTIVE_ARCH = YES;
				SDKROOT = iphoneos;
			};
			name = Debug;
		};
		3C73793A1A0A8A8F00D34C95 /* Release */ = {
			isa = XCBuildConfiguration;
			buildSettings = {
				ALWAYS_SEARCH_USER_PATHS = NO;
				CLANG_CXX_LANGUAGE_STANDARD = "gnu++0x";
				CLANG_CXX_LIBRARY = "libc++";
				CLANG_ENABLE_MODULES = YES;
				CLANG_ENABLE_OBJC_ARC = YES;
				CLANG_WARN_BOOL_CONVERSION = YES;
				CLANG_WARN_CONSTANT_CONVERSION = YES;
				CLANG_WARN_DIRECT_OBJC_ISA_USAGE = YES_ERROR;
				CLANG_WARN_EMPTY_BODY = YES;
				CLANG_WARN_ENUM_CONVERSION = YES;
				CLANG_WARN_INT_CONVERSION = YES;
				CLANG_WARN_OBJC_ROOT_CLASS = YES_ERROR;
				CLANG_WARN_UNREACHABLE_CODE = YES;
				CLANG_WARN__DUPLICATE_METHOD_MATCH = YES;
				"CODE_SIGN_IDENTITY[sdk=iphoneos*]" = "iPhone Developer";
				COPY_PHASE_STRIP = YES;
				ENABLE_NS_ASSERTIONS = NO;
				ENABLE_STRICT_OBJC_MSGSEND = YES;
				GCC_C_LANGUAGE_STANDARD = gnu99;
				GCC_WARN_64_TO_32_BIT_CONVERSION = YES;
				GCC_WARN_ABOUT_RETURN_TYPE = YES_ERROR;
				GCC_WARN_UNDECLARED_SELECTOR = YES;
				GCC_WARN_UNINITIALIZED_AUTOS = YES_AGGRESSIVE;
				GCC_WARN_UNUSED_FUNCTION = YES;
				GCC_WARN_UNUSED_VARIABLE = YES;
				IPHONEOS_DEPLOYMENT_TARGET = 8.1;
				MTL_ENABLE_DEBUG_INFO = NO;
				SDKROOT = iphoneos;
				VALIDATE_PRODUCT = YES;
			};
			name = Release;
		};
		3C73793C1A0A8A8F00D34C95 /* Debug */ = {
			isa = XCBuildConfiguration;
			buildSettings = {
				ASSETCATALOG_COMPILER_APPICON_NAME = AppIcon;
				INFOPLIST_FILE = callJSWithObjectiveC/Info.plist;
				LD_RUNPATH_SEARCH_PATHS = "$(inherited) @executable_path/Frameworks";
				PRODUCT_NAME = "$(TARGET_NAME)";
			};
			name = Debug;
		};
		3C73793D1A0A8A8F00D34C95 /* Release */ = {
			isa = XCBuildConfiguration;
			buildSettings = {
				ASSETCATALOG_COMPILER_APPICON_NAME = AppIcon;
				INFOPLIST_FILE = callJSWithObjectiveC/Info.plist;
				LD_RUNPATH_SEARCH_PATHS = "$(inherited) @executable_path/Frameworks";
				PRODUCT_NAME = "$(TARGET_NAME)";
			};
			name = Release;
		};
		3C73793F1A0A8A8F00D34C95 /* Debug */ = {
			isa = XCBuildConfiguration;
			buildSettings = {
				BUNDLE_LOADER = "$(TEST_HOST)";
				FRAMEWORK_SEARCH_PATHS = (
					"$(SDKROOT)/Developer/Library/Frameworks",
					"$(inherited)",
				);
				GCC_PREPROCESSOR_DEFINITIONS = (
					"DEBUG=1",
					"$(inherited)",
				);
				INFOPLIST_FILE = callJSWithObjectiveCTests/Info.plist;
				LD_RUNPATH_SEARCH_PATHS = "$(inherited) @executable_path/Frameworks @loader_path/Frameworks";
				PRODUCT_NAME = "$(TARGET_NAME)";
				TEST_HOST = "$(BUILT_PRODUCTS_DIR)/callJSWithObjectiveC.app/callJSWithObjectiveC";
			};
			name = Debug;
		};
		3C7379401A0A8A8F00D34C95 /* Release */ = {
			isa = XCBuildConfiguration;
			buildSettings = {
				BUNDLE_LOADER = "$(TEST_HOST)";
				FRAMEWORK_SEARCH_PATHS = (
					"$(SDKROOT)/Developer/Library/Frameworks",
					"$(inherited)",
				);
				INFOPLIST_FILE = callJSWithObjectiveCTests/Info.plist;
				LD_RUNPATH_SEARCH_PATHS = "$(inherited) @executable_path/Frameworks @loader_path/Frameworks";
				PRODUCT_NAME = "$(TARGET_NAME)";
				TEST_HOST = "$(BUILT_PRODUCTS_DIR)/callJSWithObjectiveC.app/callJSWithObjectiveC";
			};
			name = Release;
		};
/* End XCBuildConfiguration section */

/* Begin XCConfigurationList section */
		3C7379131A0A8A8F00D34C95 /* Build configuration list for PBXProject "callJSWithObjectiveC" */ = {
			isa = XCConfigurationList;
			buildConfigurations = (
				3C7379391A0A8A8F00D34C95 /* Debug */,
				3C73793A1A0A8A8F00D34C95 /* Release */,
			);
			defaultConfigurationIsVisible = 0;
			defaultConfigurationName = Release;
		};
		3C73793B1A0A8A8F00D34C95 /* Build configuration list for PBXNativeTarget "callJSWithObjectiveC" */ = {
			isa = XCConfigurationList;
			buildConfigurations = (
				3C73793C1A0A8A8F00D34C95 /* Debug */,
				3C73793D1A0A8A8F00D34C95 /* Release */,
			);
			defaultConfigurationIsVisible = 0;
		};
		3C73793E1A0A8A8F00D34C95 /* Build configuration list for PBXNativeTarget "callJSWithObjectiveCTests" */ = {
			isa = XCConfigurationList;
			buildConfigurations = (
				3C73793F1A0A8A8F00D34C95 /* Debug */,
				3C7379401A0A8A8F00D34C95 /* Release */,
			);
			defaultConfigurationIsVisible = 0;
		};
/* End XCConfigurationList section */
	};
	rootObject = 3C7379101A0A8A8F00D34C95 /* Project object */;
}
